
Microsoft Visual Studio Solution File, Format Version 12.00
# Visual Studio Version 17
VisualStudioVersion = 17.14.36705.20 d17.14
MinimumVisualStudioVersion = 10.0.40219.1
Project("{FAE04EC0-301F-11D3-BF4B-00C04F79EFBC}") = "Тренажер 3", "Тренажер 3.csproj", "{28221D16-E387-44F8-9BAB-22CD3C14803D}"
EndProject
Global
	GlobalSection(SolutionConfigurationPlatforms) = preSolution
		Debug|Any CPU = Debug|Any CPU
		Release|Any CPU = Release|Any CPU
	EndGlobalSection
	GlobalSection(ProjectConfigurationPlatforms) = postSolution
		{28221D16-E387-44F8-9BAB-22CD3C14803D}.Debug|Any CPU.ActiveCfg = Debug|Any CPU
		{28221D16-E387-44F8-9BAB-22CD3C14803D}.Debug|Any CPU.Build.0 = Debug|Any CPU
		{28221D16-E387-44F8-9BAB-22CD3C14803D}.Release|Any CPU.ActiveCfg = Release|Any CPU
		{28221D16-E387-44F8-9BAB-22CD3C14803D}.Release|Any CPU.Build.0 = Release|Any CPU
	EndGlobalSection
	GlobalSection(SolutionProperties) = preSolution
		HideSolutionNode = FALSE
	EndGlobalSection
	GlobalSection(ExtensibilityGlobals) = postSolution
		SolutionGuid = {2338A6CC-158D-4370-8CD4-FFA7CFF4FB31}
	EndGlobalSection
EndGlobal
